
Microsoft Visual Studio Solution File, Format Version 12.00
# Visual Studio Version 17
VisualStudioVersion = 17.8.34408.163
MinimumVisualStudioVersion = 10.0.40219.1
Project("{FAE04EC0-301F-11D3-BF4B-00C04F79EFBC}") = "kaloritarvepäivässä", "kaloritarvepäivässä\kaloritarvepäivässä.csproj", "{B37CD224-682F-4137-8D03-C0A037F96C8B}"
EndProject
Global
	GlobalSection(SolutionConfigurationPlatforms) = preSolution
		Debug|Any CPU = Debug|Any CPU
		Release|Any CPU = Release|Any CPU
	EndGlobalSection
	GlobalSection(ProjectConfigurationPlatforms) = postSolution
		{B37CD224-682F-4137-8D03-C0A037F96C8B}.Debug|Any CPU.ActiveCfg = Debug|Any CPU
		{B37CD224-682F-4137-8D03-C0A037F96C8B}.Debug|Any CPU.Build.0 = Debug|Any CPU
		{B37CD224-682F-4137-8D03-C0A037F96C8B}.Release|Any CPU.ActiveCfg = Release|Any CPU
		{B37CD224-682F-4137-8D03-C0A037F96C8B}.Release|Any CPU.Build.0 = Release|Any CPU
	EndGlobalSection
	GlobalSection(SolutionProperties) = preSolution
		HideSolutionNode = FALSE
	EndGlobalSection
	GlobalSection(ExtensibilityGlobals) = postSolution
		SolutionGuid = {910C0E7C-042E-4114-91F2-6D3CDC4A05BE}
	EndGlobalSection
EndGlobal
