
Microsoft Visual Studio Solution File, Format Version 12.00
# Visual Studio Version 17
VisualStudioVersion = 17.9.34607.119
MinimumVisualStudioVersion = 10.0.40219.1
Project("{FAE04EC0-301F-11D3-BF4B-00C04F79EFBC}") = "uusResepti(test)", "uusResepti(test)\uusResepti(test).csproj", "{8638BFEA-AA8B-440E-91E0-64B17A8F3724}"
EndProject
Global
	GlobalSection(SolutionConfigurationPlatforms) = preSolution
		Debug|Any CPU = Debug|Any CPU
		Release|Any CPU = Release|Any CPU
	EndGlobalSection
	GlobalSection(ProjectConfigurationPlatforms) = postSolution
		{8638BFEA-AA8B-440E-91E0-64B17A8F3724}.Debug|Any CPU.ActiveCfg = Debug|Any CPU
		{8638BFEA-AA8B-440E-91E0-64B17A8F3724}.Debug|Any CPU.Build.0 = Debug|Any CPU
		{8638BFEA-AA8B-440E-91E0-64B17A8F3724}.Release|Any CPU.ActiveCfg = Release|Any CPU
		{8638BFEA-AA8B-440E-91E0-64B17A8F3724}.Release|Any CPU.Build.0 = Release|Any CPU
	EndGlobalSection
	GlobalSection(SolutionProperties) = preSolution
		HideSolutionNode = FALSE
	EndGlobalSection
	GlobalSection(ExtensibilityGlobals) = postSolution
		SolutionGuid = {E2AD3CF1-5EC5-45B0-A5E6-D3770446DC1C}
	EndGlobalSection
EndGlobal
